
Microsoft Visual Studio Solution File, Format Version 12.00
# Visual Studio Version 16
VisualStudioVersion = 16.0.28803.156
MinimumVisualStudioVersion = 10.0.40219.1
Project("{9A19103F-16F7-4668-BE54-9A1E7A4F7556}") = "Arithmetica", "Arithmetica\Arithmetica.csproj", "{472A8E43-6C99-4C33-A6C5-57F18DD194C9}"
EndProject
Project("{FAE04EC0-301F-11D3-BF4B-00C04F79EFBC}") = "Arithmatica.Test", "Arithmatica.Test\Arithmatica.Test.csproj", "{781E237E-E766-48F6-AECA-52BC7D41905C}"
EndProject
Project("{FAE04EC0-301F-11D3-BF4B-00C04F79EFBC}") = "ArithConsole", "ArithConsole\ArithConsole.csproj", "{F59E87AC-320E-4164-8A3E-28F270859F01}"
EndProject
Project("{8BC9CEB8-8B4A-11D0-8D11-00A0C91BC942}") = "arith_ops", "arith_ops\arith_ops..vcxproj", "{920E488B-9DDE-4AC0-863D-448645F9A15D}"
EndProject
Global
	GlobalSection(SolutionConfigurationPlatforms) = preSolution
		Azure|Any CPU = Azure|Any CPU
		Azure|x64 = Azure|x64
		Azure|x86 = Azure|x86
		Debug|Any CPU = Debug|Any CPU
		Debug|x64 = Debug|x64
		Debug|x86 = Debug|x86
		Release|Any CPU = Release|Any CPU
		Release|x64 = Release|x64
		Release|x86 = Release|x86
		ReleaseCpuOnly|Any CPU = ReleaseCpuOnly|Any CPU
		ReleaseCpuOnly|x64 = ReleaseCpuOnly|x64
		ReleaseCpuOnly|x86 = ReleaseCpuOnly|x86
	EndGlobalSection
	GlobalSection(ProjectConfigurationPlatforms) = postSolution
		{472A8E43-6C99-4C33-A6C5-57F18DD194C9}.Azure|Any CPU.ActiveCfg = Debug|Any CPU
		{472A8E43-6C99-4C33-A6C5-57F18DD194C9}.Azure|Any CPU.Build.0 = Debug|Any CPU
		{472A8E43-6C99-4C33-A6C5-57F18DD194C9}.Azure|x64.ActiveCfg = Debug|Any CPU
		{472A8E43-6C99-4C33-A6C5-57F18DD194C9}.Azure|x64.Build.0 = Debug|Any CPU
		{472A8E43-6C99-4C33-A6C5-57F18DD194C9}.Azure|x86.ActiveCfg = Debug|Any CPU
		{472A8E43-6C99-4C33-A6C5-57F18DD194C9}.Azure|x86.Build.0 = Debug|Any CPU
		{472A8E43-6C99-4C33-A6C5-57F18DD194C9}.Debug|Any CPU.ActiveCfg = Debug|Any CPU
		{472A8E43-6C99-4C33-A6C5-57F18DD194C9}.Debug|Any CPU.Build.0 = Debug|Any CPU
		{472A8E43-6C99-4C33-A6C5-57F18DD194C9}.Debug|x64.ActiveCfg = Debug|Any CPU
		{472A8E43-6C99-4C33-A6C5-57F18DD194C9}.Debug|x64.Build.0 = Debug|Any CPU
		{472A8E43-6C99-4C33-A6C5-57F18DD194C9}.Debug|x86.ActiveCfg = Debug|Any CPU
		{472A8E43-6C99-4C33-A6C5-57F18DD194C9}.Debug|x86.Build.0 = Debug|Any CPU
		{472A8E43-6C99-4C33-A6C5-57F18DD194C9}.Release|Any CPU.ActiveCfg = Release|Any CPU
		{472A8E43-6C99-4C33-A6C5-57F18DD194C9}.Release|Any CPU.Build.0 = Release|Any CPU
		{472A8E43-6C99-4C33-A6C5-57F18DD194C9}.Release|x64.ActiveCfg = Release|Any CPU
		{472A8E43-6C99-4C33-A6C5-57F18DD194C9}.Release|x64.Build.0 = Release|Any CPU
		{472A8E43-6C99-4C33-A6C5-57F18DD194C9}.Release|x86.ActiveCfg = Release|Any CPU
		{472A8E43-6C99-4C33-A6C5-57F18DD194C9}.Release|x86.Build.0 = Release|Any CPU
		{472A8E43-6C99-4C33-A6C5-57F18DD194C9}.ReleaseCpuOnly|Any CPU.ActiveCfg = Release|Any CPU
		{472A8E43-6C99-4C33-A6C5-57F18DD194C9}.ReleaseCpuOnly|Any CPU.Build.0 = Release|Any CPU
		{472A8E43-6C99-4C33-A6C5-57F18DD194C9}.ReleaseCpuOnly|x64.ActiveCfg = Release|Any CPU
		{472A8E43-6C99-4C33-A6C5-57F18DD194C9}.ReleaseCpuOnly|x64.Build.0 = Release|Any CPU
		{472A8E43-6C99-4C33-A6C5-57F18DD194C9}.ReleaseCpuOnly|x86.ActiveCfg = Release|Any CPU
		{472A8E43-6C99-4C33-A6C5-57F18DD194C9}.ReleaseCpuOnly|x86.Build.0 = Release|Any CPU
		{781E237E-E766-48F6-AECA-52BC7D41905C}.Azure|Any CPU.ActiveCfg = Debug|Any CPU
		{781E237E-E766-48F6-AECA-52BC7D41905C}.Azure|Any CPU.Build.0 = Debug|Any CPU
		{781E237E-E766-48F6-AECA-52BC7D41905C}.Azure|x64.ActiveCfg = Debug|Any CPU
		{781E237E-E766-48F6-AECA-52BC7D41905C}.Azure|x64.Build.0 = Debug|Any CPU
		{781E237E-E766-48F6-AECA-52BC7D41905C}.Azure|x86.ActiveCfg = Debug|Any CPU
		{781E237E-E766-48F6-AECA-52BC7D41905C}.Azure|x86.Build.0 = Debug|Any CPU
		{781E237E-E766-48F6-AECA-52BC7D41905C}.Debug|Any CPU.ActiveCfg = Debug|Any CPU
		{781E237E-E766-48F6-AECA-52BC7D41905C}.Debug|Any CPU.Build.0 = Debug|Any CPU
		{781E237E-E766-48F6-AECA-52BC7D41905C}.Debug|x64.ActiveCfg = Debug|Any CPU
		{781E237E-E766-48F6-AECA-52BC7D41905C}.Debug|x64.Build.0 = Debug|Any CPU
		{781E237E-E766-48F6-AECA-52BC7D41905C}.Debug|x86.ActiveCfg = Debug|Any CPU
		{781E237E-E766-48F6-AECA-52BC7D41905C}.Debug|x86.Build.0 = Debug|Any CPU
		{781E237E-E766-48F6-AECA-52BC7D41905C}.Release|Any CPU.ActiveCfg = Release|Any CPU
		{781E237E-E766-48F6-AECA-52BC7D41905C}.Release|Any CPU.Build.0 = Release|Any CPU
		{781E237E-E766-48F6-AECA-52BC7D41905C}.Release|x64.ActiveCfg = Release|Any CPU
		{781E237E-E766-48F6-AECA-52BC7D41905C}.Release|x64.Build.0 = Release|Any CPU
		{781E237E-E766-48F6-AECA-52BC7D41905C}.Release|x86.ActiveCfg = Release|Any CPU
		{781E237E-E766-48F6-AECA-52BC7D41905C}.Release|x86.Build.0 = Release|Any CPU
		{781E237E-E766-48F6-AECA-52BC7D41905C}.ReleaseCpuOnly|Any CPU.ActiveCfg = Release|Any CPU
		{781E237E-E766-48F6-AECA-52BC7D41905C}.ReleaseCpuOnly|Any CPU.Build.0 = Release|Any CPU
		{781E237E-E766-48F6-AECA-52BC7D41905C}.ReleaseCpuOnly|x64.ActiveCfg = Release|Any CPU
		{781E237E-E766-48F6-AECA-52BC7D41905C}.ReleaseCpuOnly|x64.Build.0 = Release|Any CPU
		{781E237E-E766-48F6-AECA-52BC7D41905C}.ReleaseCpuOnly|x86.ActiveCfg = Release|Any CPU
		{781E237E-E766-48F6-AECA-52BC7D41905C}.ReleaseCpuOnly|x86.Build.0 = Release|Any CPU
		{F59E87AC-320E-4164-8A3E-28F270859F01}.Azure|Any CPU.ActiveCfg = Debug|Any CPU
		{F59E87AC-320E-4164-8A3E-28F270859F01}.Azure|Any CPU.Build.0 = Debug|Any CPU
		{F59E87AC-320E-4164-8A3E-28F270859F01}.Azure|x64.ActiveCfg = Debug|Any CPU
		{F59E87AC-320E-4164-8A3E-28F270859F01}.Azure|x64.Build.0 = Debug|Any CPU
		{F59E87AC-320E-4164-8A3E-28F270859F01}.Azure|x86.ActiveCfg = Debug|Any CPU
		{F59E87AC-320E-4164-8A3E-28F270859F01}.Azure|x86.Build.0 = Debug|Any CPU
		{F59E87AC-320E-4164-8A3E-28F270859F01}.Debug|Any CPU.ActiveCfg = Debug|Any CPU
		{F59E87AC-320E-4164-8A3E-28F270859F01}.Debug|Any CPU.Build.0 = Debug|Any CPU
		{F59E87AC-320E-4164-8A3E-28F270859F01}.Debug|x64.ActiveCfg = Debug|Any CPU
		{F59E87AC-320E-4164-8A3E-28F270859F01}.Debug|x64.Build.0 = Debug|Any CPU
		{F59E87AC-320E-4164-8A3E-28F270859F01}.Debug|x86.ActiveCfg = Debug|Any CPU
		{F59E87AC-320E-4164-8A3E-28F270859F01}.Debug|x86.Build.0 = Debug|Any CPU
		{F59E87AC-320E-4164-8A3E-28F270859F01}.Release|Any CPU.ActiveCfg = Release|Any CPU
		{F59E87AC-320E-4164-8A3E-28F270859F01}.Release|Any CPU.Build.0 = Release|Any CPU
		{F59E87AC-320E-4164-8A3E-28F270859F01}.Release|x64.ActiveCfg = Release|Any CPU
		{F59E87AC-320E-4164-8A3E-28F270859F01}.Release|x64.Build.0 = Release|Any CPU
		{F59E87AC-320E-4164-8A3E-28F270859F01}.Release|x86.ActiveCfg = Release|Any CPU
		{F59E87AC-320E-4164-8A3E-28F270859F01}.Release|x86.Build.0 = Release|Any CPU
		{F59E87AC-320E-4164-8A3E-28F270859F01}.ReleaseCpuOnly|Any CPU.ActiveCfg = Release|Any CPU
		{F59E87AC-320E-4164-8A3E-28F270859F01}.ReleaseCpuOnly|Any CPU.Build.0 = Release|Any CPU
		{F59E87AC-320E-4164-8A3E-28F270859F01}.ReleaseCpuOnly|x64.ActiveCfg = Release|Any CPU
		{F59E87AC-320E-4164-8A3E-28F270859F01}.ReleaseCpuOnly|x64.Build.0 = Release|Any CPU
		{F59E87AC-320E-4164-8A3E-28F270859F01}.ReleaseCpuOnly|x86.ActiveCfg = Release|Any CPU
		{F59E87AC-320E-4164-8A3E-28F270859F01}.ReleaseCpuOnly|x86.Build.0 = Release|Any CPU
		{920E488B-9DDE-4AC0-863D-448645F9A15D}.Azure|Any CPU.ActiveCfg = Azure|Win32
		{920E488B-9DDE-4AC0-863D-448645F9A15D}.Azure|x64.ActiveCfg = Azure|x64
		{920E488B-9DDE-4AC0-863D-448645F9A15D}.Azure|x64.Build.0 = Azure|x64
		{920E488B-9DDE-4AC0-863D-448645F9A15D}.Azure|x86.ActiveCfg = Azure|Win32
		{920E488B-9DDE-4AC0-863D-448645F9A15D}.Azure|x86.Build.0 = Azure|Win32
		{920E488B-9DDE-4AC0-863D-448645F9A15D}.Debug|Any CPU.ActiveCfg = Debug|Win32
		{920E488B-9DDE-4AC0-863D-448645F9A15D}.Debug|x64.ActiveCfg = Debug|x64
		{920E488B-9DDE-4AC0-863D-448645F9A15D}.Debug|x64.Build.0 = Debug|x64
		{920E488B-9DDE-4AC0-863D-448645F9A15D}.Debug|x86.ActiveCfg = Debug|Win32
		{920E488B-9DDE-4AC0-863D-448645F9A15D}.Debug|x86.Build.0 = Debug|Win32
		{920E488B-9DDE-4AC0-863D-448645F9A15D}.Release|Any CPU.ActiveCfg = Release|x64
		{920E488B-9DDE-4AC0-863D-448645F9A15D}.Release|Any CPU.Build.0 = Release|x64
		{920E488B-9DDE-4AC0-863D-448645F9A15D}.Release|x64.ActiveCfg = Release|x64
		{920E488B-9DDE-4AC0-863D-448645F9A15D}.Release|x64.Build.0 = Release|x64
		{920E488B-9DDE-4AC0-863D-448645F9A15D}.Release|x86.ActiveCfg = Release|Win32
		{920E488B-9DDE-4AC0-863D-448645F9A15D}.Release|x86.Build.0 = Release|Win32
		{920E488B-9DDE-4AC0-863D-448645F9A15D}.ReleaseCpuOnly|Any CPU.ActiveCfg = ReleaseCpuOnly|Win32
		{920E488B-9DDE-4AC0-863D-448645F9A15D}.ReleaseCpuOnly|x64.ActiveCfg = ReleaseCpuOnly|x64
		{920E488B-9DDE-4AC0-863D-448645F9A15D}.ReleaseCpuOnly|x64.Build.0 = ReleaseCpuOnly|x64
		{920E488B-9DDE-4AC0-863D-448645F9A15D}.ReleaseCpuOnly|x86.ActiveCfg = ReleaseCpuOnly|Win32
		{920E488B-9DDE-4AC0-863D-448645F9A15D}.ReleaseCpuOnly|x86.Build.0 = ReleaseCpuOnly|Win32
	EndGlobalSection
	GlobalSection(SolutionProperties) = preSolution
		HideSolutionNode = FALSE
	EndGlobalSection
	GlobalSection(ExtensibilityGlobals) = postSolution
		SolutionGuid = {9531D379-8106-425D-8187-4855842E3A8D}
	EndGlobalSection
EndGlobal
