
Microsoft Visual Studio Solution File, Format Version 12.00
# Visual Studio Version 16
VisualStudioVersion = 16.0.28803.452
MinimumVisualStudioVersion = 10.0.40219.1
Project("{9A19103F-16F7-4668-BE54-9A1E7A4F7556}") = "Arithmetica", "Arithmetica\Arithmetica.csproj", "{BA356C56-D78B-4808-A01F-0CF6F6402FB5}"
EndProject
Project("{9A19103F-16F7-4668-BE54-9A1E7A4F7556}") = "Arithmetica.Quantum", "Arithmetica.Quantum\Arithmetica.Quantum.csproj", "{57D26138-B1D7-4DBB-AE64-DCED27EB55FA}"
EndProject
Project("{8BC9CEB8-8B4A-11D0-8D11-00A0C91BC942}") = "arith_ops", "arith_ops\arith_ops..vcxproj", "{920E488B-9DDE-4AC0-863D-448645F9A15D}"
EndProject
Project("{2150E333-8FDC-42A3-9474-1A3956D46DE8}") = "Examples", "Examples", "{1778D712-5B99-4AC4-8992-3B983B3D5A6C}"
EndProject
Project("{9A19103F-16F7-4668-BE54-9A1E7A4F7556}") = "Examples", "Examples\Examples.csproj", "{864FD287-285A-43F5-A72F-E211A38EEB99}"
EndProject
Project("{9A19103F-16F7-4668-BE54-9A1E7A4F7556}") = "QuantumExamples", "QuantumExamples\QuantumExamples.csproj", "{CB389CA5-D7F5-4816-9220-4BD87E2F2304}"
EndProject
Project("{E24C65DC-7377-472B-9ABA-BC803B73C61A}") = "doc-gen", "doc-gen\", "{6508E348-81AF-4C58-85E3-13FAE78C3329}"
	ProjectSection(WebsiteProperties) = preProject
		TargetFrameworkMoniker = ".NETFramework,Version%3Dv4.0"
		Debug.AspNetCompiler.VirtualPath = "/localhost_51723"
		Debug.AspNetCompiler.PhysicalPath = "doc-gen\"
		Debug.AspNetCompiler.TargetPath = "PrecompiledWeb\localhost_51723\"
		Debug.AspNetCompiler.Updateable = "true"
		Debug.AspNetCompiler.ForceOverwrite = "true"
		Debug.AspNetCompiler.FixedNames = "false"
		Debug.AspNetCompiler.Debug = "True"
		Release.AspNetCompiler.VirtualPath = "/localhost_51723"
		Release.AspNetCompiler.PhysicalPath = "doc-gen\"
		Release.AspNetCompiler.TargetPath = "PrecompiledWeb\localhost_51723\"
		Release.AspNetCompiler.Updateable = "true"
		Release.AspNetCompiler.ForceOverwrite = "true"
		Release.AspNetCompiler.FixedNames = "false"
		Release.AspNetCompiler.Debug = "False"
		VWDPort = "51723"
	EndProjectSection
EndProject
Global
	GlobalSection(SolutionConfigurationPlatforms) = preSolution
		Azure|Any CPU = Azure|Any CPU
		Azure|x64 = Azure|x64
		Azure|x86 = Azure|x86
		Debug|Any CPU = Debug|Any CPU
		Debug|x64 = Debug|x64
		Debug|x86 = Debug|x86
		Release|Any CPU = Release|Any CPU
		Release|x64 = Release|x64
		Release|x86 = Release|x86
		ReleaseCpuOnly|Any CPU = ReleaseCpuOnly|Any CPU
		ReleaseCpuOnly|x64 = ReleaseCpuOnly|x64
		ReleaseCpuOnly|x86 = ReleaseCpuOnly|x86
	EndGlobalSection
	GlobalSection(ProjectConfigurationPlatforms) = postSolution
		{BA356C56-D78B-4808-A01F-0CF6F6402FB5}.Azure|Any CPU.ActiveCfg = Debug|Any CPU
		{BA356C56-D78B-4808-A01F-0CF6F6402FB5}.Azure|Any CPU.Build.0 = Debug|Any CPU
		{BA356C56-D78B-4808-A01F-0CF6F6402FB5}.Azure|x64.ActiveCfg = Debug|Any CPU
		{BA356C56-D78B-4808-A01F-0CF6F6402FB5}.Azure|x64.Build.0 = Debug|Any CPU
		{BA356C56-D78B-4808-A01F-0CF6F6402FB5}.Azure|x86.ActiveCfg = Debug|Any CPU
		{BA356C56-D78B-4808-A01F-0CF6F6402FB5}.Azure|x86.Build.0 = Debug|Any CPU
		{BA356C56-D78B-4808-A01F-0CF6F6402FB5}.Debug|Any CPU.ActiveCfg = Debug|Any CPU
		{BA356C56-D78B-4808-A01F-0CF6F6402FB5}.Debug|Any CPU.Build.0 = Debug|Any CPU
		{BA356C56-D78B-4808-A01F-0CF6F6402FB5}.Debug|x64.ActiveCfg = Debug|Any CPU
		{BA356C56-D78B-4808-A01F-0CF6F6402FB5}.Debug|x64.Build.0 = Debug|Any CPU
		{BA356C56-D78B-4808-A01F-0CF6F6402FB5}.Debug|x86.ActiveCfg = Debug|Any CPU
		{BA356C56-D78B-4808-A01F-0CF6F6402FB5}.Debug|x86.Build.0 = Debug|Any CPU
		{BA356C56-D78B-4808-A01F-0CF6F6402FB5}.Release|Any CPU.ActiveCfg = Release|Any CPU
		{BA356C56-D78B-4808-A01F-0CF6F6402FB5}.Release|Any CPU.Build.0 = Release|Any CPU
		{BA356C56-D78B-4808-A01F-0CF6F6402FB5}.Release|x64.ActiveCfg = Release|Any CPU
		{BA356C56-D78B-4808-A01F-0CF6F6402FB5}.Release|x64.Build.0 = Release|Any CPU
		{BA356C56-D78B-4808-A01F-0CF6F6402FB5}.Release|x86.ActiveCfg = Release|Any CPU
		{BA356C56-D78B-4808-A01F-0CF6F6402FB5}.Release|x86.Build.0 = Release|Any CPU
		{BA356C56-D78B-4808-A01F-0CF6F6402FB5}.ReleaseCpuOnly|Any CPU.ActiveCfg = Release|Any CPU
		{BA356C56-D78B-4808-A01F-0CF6F6402FB5}.ReleaseCpuOnly|Any CPU.Build.0 = Release|Any CPU
		{BA356C56-D78B-4808-A01F-0CF6F6402FB5}.ReleaseCpuOnly|x64.ActiveCfg = Release|Any CPU
		{BA356C56-D78B-4808-A01F-0CF6F6402FB5}.ReleaseCpuOnly|x64.Build.0 = Release|Any CPU
		{BA356C56-D78B-4808-A01F-0CF6F6402FB5}.ReleaseCpuOnly|x86.ActiveCfg = Release|Any CPU
		{BA356C56-D78B-4808-A01F-0CF6F6402FB5}.ReleaseCpuOnly|x86.Build.0 = Release|Any CPU
		{57D26138-B1D7-4DBB-AE64-DCED27EB55FA}.Azure|Any CPU.ActiveCfg = Debug|Any CPU
		{57D26138-B1D7-4DBB-AE64-DCED27EB55FA}.Azure|Any CPU.Build.0 = Debug|Any CPU
		{57D26138-B1D7-4DBB-AE64-DCED27EB55FA}.Azure|x64.ActiveCfg = Debug|Any CPU
		{57D26138-B1D7-4DBB-AE64-DCED27EB55FA}.Azure|x64.Build.0 = Debug|Any CPU
		{57D26138-B1D7-4DBB-AE64-DCED27EB55FA}.Azure|x86.ActiveCfg = Debug|Any CPU
		{57D26138-B1D7-4DBB-AE64-DCED27EB55FA}.Azure|x86.Build.0 = Debug|Any CPU
		{57D26138-B1D7-4DBB-AE64-DCED27EB55FA}.Debug|Any CPU.ActiveCfg = Debug|Any CPU
		{57D26138-B1D7-4DBB-AE64-DCED27EB55FA}.Debug|Any CPU.Build.0 = Debug|Any CPU
		{57D26138-B1D7-4DBB-AE64-DCED27EB55FA}.Debug|x64.ActiveCfg = Debug|Any CPU
		{57D26138-B1D7-4DBB-AE64-DCED27EB55FA}.Debug|x64.Build.0 = Debug|Any CPU
		{57D26138-B1D7-4DBB-AE64-DCED27EB55FA}.Debug|x86.ActiveCfg = Debug|Any CPU
		{57D26138-B1D7-4DBB-AE64-DCED27EB55FA}.Debug|x86.Build.0 = Debug|Any CPU
		{57D26138-B1D7-4DBB-AE64-DCED27EB55FA}.Release|Any CPU.ActiveCfg = Release|Any CPU
		{57D26138-B1D7-4DBB-AE64-DCED27EB55FA}.Release|Any CPU.Build.0 = Release|Any CPU
		{57D26138-B1D7-4DBB-AE64-DCED27EB55FA}.Release|x64.ActiveCfg = Release|Any CPU
		{57D26138-B1D7-4DBB-AE64-DCED27EB55FA}.Release|x64.Build.0 = Release|Any CPU
		{57D26138-B1D7-4DBB-AE64-DCED27EB55FA}.Release|x86.ActiveCfg = Release|Any CPU
		{57D26138-B1D7-4DBB-AE64-DCED27EB55FA}.Release|x86.Build.0 = Release|Any CPU
		{57D26138-B1D7-4DBB-AE64-DCED27EB55FA}.ReleaseCpuOnly|Any CPU.ActiveCfg = Release|Any CPU
		{57D26138-B1D7-4DBB-AE64-DCED27EB55FA}.ReleaseCpuOnly|Any CPU.Build.0 = Release|Any CPU
		{57D26138-B1D7-4DBB-AE64-DCED27EB55FA}.ReleaseCpuOnly|x64.ActiveCfg = Release|Any CPU
		{57D26138-B1D7-4DBB-AE64-DCED27EB55FA}.ReleaseCpuOnly|x64.Build.0 = Release|Any CPU
		{57D26138-B1D7-4DBB-AE64-DCED27EB55FA}.ReleaseCpuOnly|x86.ActiveCfg = Release|Any CPU
		{57D26138-B1D7-4DBB-AE64-DCED27EB55FA}.ReleaseCpuOnly|x86.Build.0 = Release|Any CPU
		{920E488B-9DDE-4AC0-863D-448645F9A15D}.Azure|Any CPU.ActiveCfg = Azure|Win32
		{920E488B-9DDE-4AC0-863D-448645F9A15D}.Azure|x64.ActiveCfg = Azure|x64
		{920E488B-9DDE-4AC0-863D-448645F9A15D}.Azure|x64.Build.0 = Azure|x64
		{920E488B-9DDE-4AC0-863D-448645F9A15D}.Azure|x86.ActiveCfg = Azure|Win32
		{920E488B-9DDE-4AC0-863D-448645F9A15D}.Azure|x86.Build.0 = Azure|Win32
		{920E488B-9DDE-4AC0-863D-448645F9A15D}.Debug|Any CPU.ActiveCfg = Debug|Win32
		{920E488B-9DDE-4AC0-863D-448645F9A15D}.Debug|x64.ActiveCfg = Debug|x64
		{920E488B-9DDE-4AC0-863D-448645F9A15D}.Debug|x64.Build.0 = Debug|x64
		{920E488B-9DDE-4AC0-863D-448645F9A15D}.Debug|x86.ActiveCfg = Debug|Win32
		{920E488B-9DDE-4AC0-863D-448645F9A15D}.Debug|x86.Build.0 = Debug|Win32
		{920E488B-9DDE-4AC0-863D-448645F9A15D}.Release|Any CPU.ActiveCfg = Release|Win32
		{920E488B-9DDE-4AC0-863D-448645F9A15D}.Release|x64.ActiveCfg = Release|x64
		{920E488B-9DDE-4AC0-863D-448645F9A15D}.Release|x64.Build.0 = Release|x64
		{920E488B-9DDE-4AC0-863D-448645F9A15D}.Release|x86.ActiveCfg = Release|Win32
		{920E488B-9DDE-4AC0-863D-448645F9A15D}.Release|x86.Build.0 = Release|Win32
		{920E488B-9DDE-4AC0-863D-448645F9A15D}.ReleaseCpuOnly|Any CPU.ActiveCfg = ReleaseCpuOnly|Win32
		{920E488B-9DDE-4AC0-863D-448645F9A15D}.ReleaseCpuOnly|x64.ActiveCfg = ReleaseCpuOnly|x64
		{920E488B-9DDE-4AC0-863D-448645F9A15D}.ReleaseCpuOnly|x64.Build.0 = ReleaseCpuOnly|x64
		{920E488B-9DDE-4AC0-863D-448645F9A15D}.ReleaseCpuOnly|x86.ActiveCfg = ReleaseCpuOnly|Win32
		{920E488B-9DDE-4AC0-863D-448645F9A15D}.ReleaseCpuOnly|x86.Build.0 = ReleaseCpuOnly|Win32
		{864FD287-285A-43F5-A72F-E211A38EEB99}.Azure|Any CPU.ActiveCfg = Debug|Any CPU
		{864FD287-285A-43F5-A72F-E211A38EEB99}.Azure|Any CPU.Build.0 = Debug|Any CPU
		{864FD287-285A-43F5-A72F-E211A38EEB99}.Azure|x64.ActiveCfg = Debug|Any CPU
		{864FD287-285A-43F5-A72F-E211A38EEB99}.Azure|x64.Build.0 = Debug|Any CPU
		{864FD287-285A-43F5-A72F-E211A38EEB99}.Azure|x86.ActiveCfg = Debug|Any CPU
		{864FD287-285A-43F5-A72F-E211A38EEB99}.Azure|x86.Build.0 = Debug|Any CPU
		{864FD287-285A-43F5-A72F-E211A38EEB99}.Debug|Any CPU.ActiveCfg = Debug|Any CPU
		{864FD287-285A-43F5-A72F-E211A38EEB99}.Debug|Any CPU.Build.0 = Debug|Any CPU
		{864FD287-285A-43F5-A72F-E211A38EEB99}.Debug|x64.ActiveCfg = Debug|Any CPU
		{864FD287-285A-43F5-A72F-E211A38EEB99}.Debug|x64.Build.0 = Debug|Any CPU
		{864FD287-285A-43F5-A72F-E211A38EEB99}.Debug|x86.ActiveCfg = Debug|Any CPU
		{864FD287-285A-43F5-A72F-E211A38EEB99}.Debug|x86.Build.0 = Debug|Any CPU
		{864FD287-285A-43F5-A72F-E211A38EEB99}.Release|Any CPU.ActiveCfg = Release|Any CPU
		{864FD287-285A-43F5-A72F-E211A38EEB99}.Release|Any CPU.Build.0 = Release|Any CPU
		{864FD287-285A-43F5-A72F-E211A38EEB99}.Release|x64.ActiveCfg = Release|Any CPU
		{864FD287-285A-43F5-A72F-E211A38EEB99}.Release|x64.Build.0 = Release|Any CPU
		{864FD287-285A-43F5-A72F-E211A38EEB99}.Release|x86.ActiveCfg = Release|Any CPU
		{864FD287-285A-43F5-A72F-E211A38EEB99}.Release|x86.Build.0 = Release|Any CPU
		{864FD287-285A-43F5-A72F-E211A38EEB99}.ReleaseCpuOnly|Any CPU.ActiveCfg = Release|Any CPU
		{864FD287-285A-43F5-A72F-E211A38EEB99}.ReleaseCpuOnly|Any CPU.Build.0 = Release|Any CPU
		{864FD287-285A-43F5-A72F-E211A38EEB99}.ReleaseCpuOnly|x64.ActiveCfg = Release|Any CPU
		{864FD287-285A-43F5-A72F-E211A38EEB99}.ReleaseCpuOnly|x64.Build.0 = Release|Any CPU
		{864FD287-285A-43F5-A72F-E211A38EEB99}.ReleaseCpuOnly|x86.ActiveCfg = Release|Any CPU
		{864FD287-285A-43F5-A72F-E211A38EEB99}.ReleaseCpuOnly|x86.Build.0 = Release|Any CPU
		{CB389CA5-D7F5-4816-9220-4BD87E2F2304}.Azure|Any CPU.ActiveCfg = Debug|Any CPU
		{CB389CA5-D7F5-4816-9220-4BD87E2F2304}.Azure|Any CPU.Build.0 = Debug|Any CPU
		{CB389CA5-D7F5-4816-9220-4BD87E2F2304}.Azure|x64.ActiveCfg = Debug|Any CPU
		{CB389CA5-D7F5-4816-9220-4BD87E2F2304}.Azure|x64.Build.0 = Debug|Any CPU
		{CB389CA5-D7F5-4816-9220-4BD87E2F2304}.Azure|x86.ActiveCfg = Debug|Any CPU
		{CB389CA5-D7F5-4816-9220-4BD87E2F2304}.Azure|x86.Build.0 = Debug|Any CPU
		{CB389CA5-D7F5-4816-9220-4BD87E2F2304}.Debug|Any CPU.ActiveCfg = Debug|Any CPU
		{CB389CA5-D7F5-4816-9220-4BD87E2F2304}.Debug|Any CPU.Build.0 = Debug|Any CPU
		{CB389CA5-D7F5-4816-9220-4BD87E2F2304}.Debug|x64.ActiveCfg = Debug|Any CPU
		{CB389CA5-D7F5-4816-9220-4BD87E2F2304}.Debug|x64.Build.0 = Debug|Any CPU
		{CB389CA5-D7F5-4816-9220-4BD87E2F2304}.Debug|x86.ActiveCfg = Debug|Any CPU
		{CB389CA5-D7F5-4816-9220-4BD87E2F2304}.Debug|x86.Build.0 = Debug|Any CPU
		{CB389CA5-D7F5-4816-9220-4BD87E2F2304}.Release|Any CPU.ActiveCfg = Release|Any CPU
		{CB389CA5-D7F5-4816-9220-4BD87E2F2304}.Release|Any CPU.Build.0 = Release|Any CPU
		{CB389CA5-D7F5-4816-9220-4BD87E2F2304}.Release|x64.ActiveCfg = Release|Any CPU
		{CB389CA5-D7F5-4816-9220-4BD87E2F2304}.Release|x64.Build.0 = Release|Any CPU
		{CB389CA5-D7F5-4816-9220-4BD87E2F2304}.Release|x86.ActiveCfg = Release|Any CPU
		{CB389CA5-D7F5-4816-9220-4BD87E2F2304}.Release|x86.Build.0 = Release|Any CPU
		{CB389CA5-D7F5-4816-9220-4BD87E2F2304}.ReleaseCpuOnly|Any CPU.ActiveCfg = Release|Any CPU
		{CB389CA5-D7F5-4816-9220-4BD87E2F2304}.ReleaseCpuOnly|Any CPU.Build.0 = Release|Any CPU
		{CB389CA5-D7F5-4816-9220-4BD87E2F2304}.ReleaseCpuOnly|x64.ActiveCfg = Release|Any CPU
		{CB389CA5-D7F5-4816-9220-4BD87E2F2304}.ReleaseCpuOnly|x64.Build.0 = Release|Any CPU
		{CB389CA5-D7F5-4816-9220-4BD87E2F2304}.ReleaseCpuOnly|x86.ActiveCfg = Release|Any CPU
		{CB389CA5-D7F5-4816-9220-4BD87E2F2304}.ReleaseCpuOnly|x86.Build.0 = Release|Any CPU
		{6508E348-81AF-4C58-85E3-13FAE78C3329}.Azure|Any CPU.ActiveCfg = Debug|Any CPU
		{6508E348-81AF-4C58-85E3-13FAE78C3329}.Azure|Any CPU.Build.0 = Debug|Any CPU
		{6508E348-81AF-4C58-85E3-13FAE78C3329}.Azure|x64.ActiveCfg = Debug|Any CPU
		{6508E348-81AF-4C58-85E3-13FAE78C3329}.Azure|x64.Build.0 = Debug|Any CPU
		{6508E348-81AF-4C58-85E3-13FAE78C3329}.Azure|x86.ActiveCfg = Debug|Any CPU
		{6508E348-81AF-4C58-85E3-13FAE78C3329}.Azure|x86.Build.0 = Debug|Any CPU
		{6508E348-81AF-4C58-85E3-13FAE78C3329}.Debug|Any CPU.ActiveCfg = Debug|Any CPU
		{6508E348-81AF-4C58-85E3-13FAE78C3329}.Debug|Any CPU.Build.0 = Debug|Any CPU
		{6508E348-81AF-4C58-85E3-13FAE78C3329}.Debug|x64.ActiveCfg = Debug|Any CPU
		{6508E348-81AF-4C58-85E3-13FAE78C3329}.Debug|x64.Build.0 = Debug|Any CPU
		{6508E348-81AF-4C58-85E3-13FAE78C3329}.Debug|x86.ActiveCfg = Debug|Any CPU
		{6508E348-81AF-4C58-85E3-13FAE78C3329}.Debug|x86.Build.0 = Debug|Any CPU
		{6508E348-81AF-4C58-85E3-13FAE78C3329}.Release|Any CPU.ActiveCfg = Debug|Any CPU
		{6508E348-81AF-4C58-85E3-13FAE78C3329}.Release|Any CPU.Build.0 = Debug|Any CPU
		{6508E348-81AF-4C58-85E3-13FAE78C3329}.Release|x64.ActiveCfg = Debug|Any CPU
		{6508E348-81AF-4C58-85E3-13FAE78C3329}.Release|x64.Build.0 = Debug|Any CPU
		{6508E348-81AF-4C58-85E3-13FAE78C3329}.Release|x86.ActiveCfg = Debug|Any CPU
		{6508E348-81AF-4C58-85E3-13FAE78C3329}.Release|x86.Build.0 = Debug|Any CPU
		{6508E348-81AF-4C58-85E3-13FAE78C3329}.ReleaseCpuOnly|Any CPU.ActiveCfg = Debug|Any CPU
		{6508E348-81AF-4C58-85E3-13FAE78C3329}.ReleaseCpuOnly|Any CPU.Build.0 = Debug|Any CPU
		{6508E348-81AF-4C58-85E3-13FAE78C3329}.ReleaseCpuOnly|x64.ActiveCfg = Debug|Any CPU
		{6508E348-81AF-4C58-85E3-13FAE78C3329}.ReleaseCpuOnly|x64.Build.0 = Debug|Any CPU
		{6508E348-81AF-4C58-85E3-13FAE78C3329}.ReleaseCpuOnly|x86.ActiveCfg = Debug|Any CPU
		{6508E348-81AF-4C58-85E3-13FAE78C3329}.ReleaseCpuOnly|x86.Build.0 = Debug|Any CPU
	EndGlobalSection
	GlobalSection(SolutionProperties) = preSolution
		HideSolutionNode = FALSE
	EndGlobalSection
	GlobalSection(NestedProjects) = preSolution
		{864FD287-285A-43F5-A72F-E211A38EEB99} = {1778D712-5B99-4AC4-8992-3B983B3D5A6C}
		{CB389CA5-D7F5-4816-9220-4BD87E2F2304} = {1778D712-5B99-4AC4-8992-3B983B3D5A6C}
	EndGlobalSection
	GlobalSection(ExtensibilityGlobals) = postSolution
		SolutionGuid = {9351F690-DA4A-4B35-91A2-1F6F22305F53}
	EndGlobalSection
EndGlobal
