
Microsoft Visual Studio Solution File, Format Version 12.00
# Visual Studio Version 16
VisualStudioVersion = 16.0.28803.452
MinimumVisualStudioVersion = 10.0.40219.1
Project("{9A19103F-16F7-4668-BE54-9A1E7A4F7556}") = "Arithmetica", "Arithmetica\Arithmetica.csproj", "{BA356C56-D78B-4808-A01F-0CF6F6402FB5}"
EndProject
Project("{9A19103F-16F7-4668-BE54-9A1E7A4F7556}") = "Arithmetica.Quantum", "Arithmetica.Quantum\Arithmetica.Quantum.csproj", "{57D26138-B1D7-4DBB-AE64-DCED27EB55FA}"
EndProject
Project("{2150E333-8FDC-42A3-9474-1A3956D46DE8}") = "Examples", "Examples", "{1778D712-5B99-4AC4-8992-3B983B3D5A6C}"
EndProject
Project("{9A19103F-16F7-4668-BE54-9A1E7A4F7556}") = "Examples", "Examples\Examples.csproj", "{864FD287-285A-43F5-A72F-E211A38EEB99}"
EndProject
Project("{9A19103F-16F7-4668-BE54-9A1E7A4F7556}") = "QuantumExamples", "QuantumExamples\QuantumExamples.csproj", "{CB389CA5-D7F5-4816-9220-4BD87E2F2304}"
EndProject
Project("{9A19103F-16F7-4668-BE54-9A1E7A4F7556}") = "SuperchargedArray", "..\SuperchargedArray\SuperchargedArray\SuperchargedArray.csproj", "{65992358-51FB-4C13-A855-8E8F87B332AD}"
EndProject
Global
	GlobalSection(SolutionConfigurationPlatforms) = preSolution
		Azure|Any CPU = Azure|Any CPU
		Azure|x64 = Azure|x64
		Azure|x86 = Azure|x86
		Debug|Any CPU = Debug|Any CPU
		Debug|x64 = Debug|x64
		Debug|x86 = Debug|x86
		Release|Any CPU = Release|Any CPU
		Release|x64 = Release|x64
		Release|x86 = Release|x86
		ReleaseCpuOnly|Any CPU = ReleaseCpuOnly|Any CPU
		ReleaseCpuOnly|x64 = ReleaseCpuOnly|x64
		ReleaseCpuOnly|x86 = ReleaseCpuOnly|x86
	EndGlobalSection
	GlobalSection(ProjectConfigurationPlatforms) = postSolution
		{BA356C56-D78B-4808-A01F-0CF6F6402FB5}.Azure|Any CPU.ActiveCfg = Debug|Any CPU
		{BA356C56-D78B-4808-A01F-0CF6F6402FB5}.Azure|Any CPU.Build.0 = Debug|Any CPU
		{BA356C56-D78B-4808-A01F-0CF6F6402FB5}.Azure|x64.ActiveCfg = Debug|Any CPU
		{BA356C56-D78B-4808-A01F-0CF6F6402FB5}.Azure|x64.Build.0 = Debug|Any CPU
		{BA356C56-D78B-4808-A01F-0CF6F6402FB5}.Azure|x86.ActiveCfg = Debug|Any CPU
		{BA356C56-D78B-4808-A01F-0CF6F6402FB5}.Azure|x86.Build.0 = Debug|Any CPU
		{BA356C56-D78B-4808-A01F-0CF6F6402FB5}.Debug|Any CPU.ActiveCfg = Debug|Any CPU
		{BA356C56-D78B-4808-A01F-0CF6F6402FB5}.Debug|Any CPU.Build.0 = Debug|Any CPU
		{BA356C56-D78B-4808-A01F-0CF6F6402FB5}.Debug|x64.ActiveCfg = Debug|Any CPU
		{BA356C56-D78B-4808-A01F-0CF6F6402FB5}.Debug|x64.Build.0 = Debug|Any CPU
		{BA356C56-D78B-4808-A01F-0CF6F6402FB5}.Debug|x86.ActiveCfg = Debug|Any CPU
		{BA356C56-D78B-4808-A01F-0CF6F6402FB5}.Debug|x86.Build.0 = Debug|Any CPU
		{BA356C56-D78B-4808-A01F-0CF6F6402FB5}.Release|Any CPU.ActiveCfg = Release|Any CPU
		{BA356C56-D78B-4808-A01F-0CF6F6402FB5}.Release|Any CPU.Build.0 = Release|Any CPU
		{BA356C56-D78B-4808-A01F-0CF6F6402FB5}.Release|x64.ActiveCfg = Release|Any CPU
		{BA356C56-D78B-4808-A01F-0CF6F6402FB5}.Release|x64.Build.0 = Release|Any CPU
		{BA356C56-D78B-4808-A01F-0CF6F6402FB5}.Release|x86.ActiveCfg = Release|Any CPU
		{BA356C56-D78B-4808-A01F-0CF6F6402FB5}.Release|x86.Build.0 = Release|Any CPU
		{BA356C56-D78B-4808-A01F-0CF6F6402FB5}.ReleaseCpuOnly|Any CPU.ActiveCfg = Release|Any CPU
		{BA356C56-D78B-4808-A01F-0CF6F6402FB5}.ReleaseCpuOnly|Any CPU.Build.0 = Release|Any CPU
		{BA356C56-D78B-4808-A01F-0CF6F6402FB5}.ReleaseCpuOnly|x64.ActiveCfg = Release|Any CPU
		{BA356C56-D78B-4808-A01F-0CF6F6402FB5}.ReleaseCpuOnly|x64.Build.0 = Release|Any CPU
		{BA356C56-D78B-4808-A01F-0CF6F6402FB5}.ReleaseCpuOnly|x86.ActiveCfg = Release|Any CPU
		{BA356C56-D78B-4808-A01F-0CF6F6402FB5}.ReleaseCpuOnly|x86.Build.0 = Release|Any CPU
		{57D26138-B1D7-4DBB-AE64-DCED27EB55FA}.Azure|Any CPU.ActiveCfg = Debug|Any CPU
		{57D26138-B1D7-4DBB-AE64-DCED27EB55FA}.Azure|Any CPU.Build.0 = Debug|Any CPU
		{57D26138-B1D7-4DBB-AE64-DCED27EB55FA}.Azure|x64.ActiveCfg = Debug|Any CPU
		{57D26138-B1D7-4DBB-AE64-DCED27EB55FA}.Azure|x64.Build.0 = Debug|Any CPU
		{57D26138-B1D7-4DBB-AE64-DCED27EB55FA}.Azure|x86.ActiveCfg = Debug|Any CPU
		{57D26138-B1D7-4DBB-AE64-DCED27EB55FA}.Azure|x86.Build.0 = Debug|Any CPU
		{57D26138-B1D7-4DBB-AE64-DCED27EB55FA}.Debug|Any CPU.ActiveCfg = Debug|Any CPU
		{57D26138-B1D7-4DBB-AE64-DCED27EB55FA}.Debug|Any CPU.Build.0 = Debug|Any CPU
		{57D26138-B1D7-4DBB-AE64-DCED27EB55FA}.Debug|x64.ActiveCfg = Debug|Any CPU
		{57D26138-B1D7-4DBB-AE64-DCED27EB55FA}.Debug|x64.Build.0 = Debug|Any CPU
		{57D26138-B1D7-4DBB-AE64-DCED27EB55FA}.Debug|x86.ActiveCfg = Debug|Any CPU
		{57D26138-B1D7-4DBB-AE64-DCED27EB55FA}.Debug|x86.Build.0 = Debug|Any CPU
		{57D26138-B1D7-4DBB-AE64-DCED27EB55FA}.Release|Any CPU.ActiveCfg = Release|Any CPU
		{57D26138-B1D7-4DBB-AE64-DCED27EB55FA}.Release|Any CPU.Build.0 = Release|Any CPU
		{57D26138-B1D7-4DBB-AE64-DCED27EB55FA}.Release|x64.ActiveCfg = Release|Any CPU
		{57D26138-B1D7-4DBB-AE64-DCED27EB55FA}.Release|x64.Build.0 = Release|Any CPU
		{57D26138-B1D7-4DBB-AE64-DCED27EB55FA}.Release|x86.ActiveCfg = Release|Any CPU
		{57D26138-B1D7-4DBB-AE64-DCED27EB55FA}.Release|x86.Build.0 = Release|Any CPU
		{57D26138-B1D7-4DBB-AE64-DCED27EB55FA}.ReleaseCpuOnly|Any CPU.ActiveCfg = Release|Any CPU
		{57D26138-B1D7-4DBB-AE64-DCED27EB55FA}.ReleaseCpuOnly|Any CPU.Build.0 = Release|Any CPU
		{57D26138-B1D7-4DBB-AE64-DCED27EB55FA}.ReleaseCpuOnly|x64.ActiveCfg = Release|Any CPU
		{57D26138-B1D7-4DBB-AE64-DCED27EB55FA}.ReleaseCpuOnly|x64.Build.0 = Release|Any CPU
		{57D26138-B1D7-4DBB-AE64-DCED27EB55FA}.ReleaseCpuOnly|x86.ActiveCfg = Release|Any CPU
		{57D26138-B1D7-4DBB-AE64-DCED27EB55FA}.ReleaseCpuOnly|x86.Build.0 = Release|Any CPU
		{864FD287-285A-43F5-A72F-E211A38EEB99}.Azure|Any CPU.ActiveCfg = Debug|Any CPU
		{864FD287-285A-43F5-A72F-E211A38EEB99}.Azure|Any CPU.Build.0 = Debug|Any CPU
		{864FD287-285A-43F5-A72F-E211A38EEB99}.Azure|x64.ActiveCfg = Debug|Any CPU
		{864FD287-285A-43F5-A72F-E211A38EEB99}.Azure|x64.Build.0 = Debug|Any CPU
		{864FD287-285A-43F5-A72F-E211A38EEB99}.Azure|x86.ActiveCfg = Debug|Any CPU
		{864FD287-285A-43F5-A72F-E211A38EEB99}.Azure|x86.Build.0 = Debug|Any CPU
		{864FD287-285A-43F5-A72F-E211A38EEB99}.Debug|Any CPU.ActiveCfg = Debug|Any CPU
		{864FD287-285A-43F5-A72F-E211A38EEB99}.Debug|Any CPU.Build.0 = Debug|Any CPU
		{864FD287-285A-43F5-A72F-E211A38EEB99}.Debug|x64.ActiveCfg = Debug|Any CPU
		{864FD287-285A-43F5-A72F-E211A38EEB99}.Debug|x64.Build.0 = Debug|Any CPU
		{864FD287-285A-43F5-A72F-E211A38EEB99}.Debug|x86.ActiveCfg = Debug|Any CPU
		{864FD287-285A-43F5-A72F-E211A38EEB99}.Debug|x86.Build.0 = Debug|Any CPU
		{864FD287-285A-43F5-A72F-E211A38EEB99}.Release|Any CPU.ActiveCfg = Release|Any CPU
		{864FD287-285A-43F5-A72F-E211A38EEB99}.Release|Any CPU.Build.0 = Release|Any CPU
		{864FD287-285A-43F5-A72F-E211A38EEB99}.Release|x64.ActiveCfg = Release|Any CPU
		{864FD287-285A-43F5-A72F-E211A38EEB99}.Release|x64.Build.0 = Release|Any CPU
		{864FD287-285A-43F5-A72F-E211A38EEB99}.Release|x86.ActiveCfg = Release|Any CPU
		{864FD287-285A-43F5-A72F-E211A38EEB99}.Release|x86.Build.0 = Release|Any CPU
		{864FD287-285A-43F5-A72F-E211A38EEB99}.ReleaseCpuOnly|Any CPU.ActiveCfg = Release|Any CPU
		{864FD287-285A-43F5-A72F-E211A38EEB99}.ReleaseCpuOnly|Any CPU.Build.0 = Release|Any CPU
		{864FD287-285A-43F5-A72F-E211A38EEB99}.ReleaseCpuOnly|x64.ActiveCfg = Release|Any CPU
		{864FD287-285A-43F5-A72F-E211A38EEB99}.ReleaseCpuOnly|x64.Build.0 = Release|Any CPU
		{864FD287-285A-43F5-A72F-E211A38EEB99}.ReleaseCpuOnly|x86.ActiveCfg = Release|Any CPU
		{864FD287-285A-43F5-A72F-E211A38EEB99}.ReleaseCpuOnly|x86.Build.0 = Release|Any CPU
		{CB389CA5-D7F5-4816-9220-4BD87E2F2304}.Azure|Any CPU.ActiveCfg = Debug|Any CPU
		{CB389CA5-D7F5-4816-9220-4BD87E2F2304}.Azure|Any CPU.Build.0 = Debug|Any CPU
		{CB389CA5-D7F5-4816-9220-4BD87E2F2304}.Azure|x64.ActiveCfg = Debug|Any CPU
		{CB389CA5-D7F5-4816-9220-4BD87E2F2304}.Azure|x64.Build.0 = Debug|Any CPU
		{CB389CA5-D7F5-4816-9220-4BD87E2F2304}.Azure|x86.ActiveCfg = Debug|Any CPU
		{CB389CA5-D7F5-4816-9220-4BD87E2F2304}.Azure|x86.Build.0 = Debug|Any CPU
		{CB389CA5-D7F5-4816-9220-4BD87E2F2304}.Debug|Any CPU.ActiveCfg = Debug|Any CPU
		{CB389CA5-D7F5-4816-9220-4BD87E2F2304}.Debug|Any CPU.Build.0 = Debug|Any CPU
		{CB389CA5-D7F5-4816-9220-4BD87E2F2304}.Debug|x64.ActiveCfg = Debug|Any CPU
		{CB389CA5-D7F5-4816-9220-4BD87E2F2304}.Debug|x64.Build.0 = Debug|Any CPU
		{CB389CA5-D7F5-4816-9220-4BD87E2F2304}.Debug|x86.ActiveCfg = Debug|Any CPU
		{CB389CA5-D7F5-4816-9220-4BD87E2F2304}.Debug|x86.Build.0 = Debug|Any CPU
		{CB389CA5-D7F5-4816-9220-4BD87E2F2304}.Release|Any CPU.ActiveCfg = Release|Any CPU
		{CB389CA5-D7F5-4816-9220-4BD87E2F2304}.Release|Any CPU.Build.0 = Release|Any CPU
		{CB389CA5-D7F5-4816-9220-4BD87E2F2304}.Release|x64.ActiveCfg = Release|Any CPU
		{CB389CA5-D7F5-4816-9220-4BD87E2F2304}.Release|x64.Build.0 = Release|Any CPU
		{CB389CA5-D7F5-4816-9220-4BD87E2F2304}.Release|x86.ActiveCfg = Release|Any CPU
		{CB389CA5-D7F5-4816-9220-4BD87E2F2304}.Release|x86.Build.0 = Release|Any CPU
		{CB389CA5-D7F5-4816-9220-4BD87E2F2304}.ReleaseCpuOnly|Any CPU.ActiveCfg = Release|Any CPU
		{CB389CA5-D7F5-4816-9220-4BD87E2F2304}.ReleaseCpuOnly|Any CPU.Build.0 = Release|Any CPU
		{CB389CA5-D7F5-4816-9220-4BD87E2F2304}.ReleaseCpuOnly|x64.ActiveCfg = Release|Any CPU
		{CB389CA5-D7F5-4816-9220-4BD87E2F2304}.ReleaseCpuOnly|x64.Build.0 = Release|Any CPU
		{CB389CA5-D7F5-4816-9220-4BD87E2F2304}.ReleaseCpuOnly|x86.ActiveCfg = Release|Any CPU
		{CB389CA5-D7F5-4816-9220-4BD87E2F2304}.ReleaseCpuOnly|x86.Build.0 = Release|Any CPU
		{65992358-51FB-4C13-A855-8E8F87B332AD}.Azure|Any CPU.ActiveCfg = Release|Any CPU
		{65992358-51FB-4C13-A855-8E8F87B332AD}.Azure|Any CPU.Build.0 = Release|Any CPU
		{65992358-51FB-4C13-A855-8E8F87B332AD}.Azure|x64.ActiveCfg = Debug|x64
		{65992358-51FB-4C13-A855-8E8F87B332AD}.Azure|x64.Build.0 = Debug|x64
		{65992358-51FB-4C13-A855-8E8F87B332AD}.Azure|x86.ActiveCfg = Release|Any CPU
		{65992358-51FB-4C13-A855-8E8F87B332AD}.Azure|x86.Build.0 = Release|Any CPU
		{65992358-51FB-4C13-A855-8E8F87B332AD}.Debug|Any CPU.ActiveCfg = Debug|Any CPU
		{65992358-51FB-4C13-A855-8E8F87B332AD}.Debug|Any CPU.Build.0 = Debug|Any CPU
		{65992358-51FB-4C13-A855-8E8F87B332AD}.Debug|x64.ActiveCfg = Debug|x64
		{65992358-51FB-4C13-A855-8E8F87B332AD}.Debug|x64.Build.0 = Debug|x64
		{65992358-51FB-4C13-A855-8E8F87B332AD}.Debug|x86.ActiveCfg = Debug|Any CPU
		{65992358-51FB-4C13-A855-8E8F87B332AD}.Debug|x86.Build.0 = Debug|Any CPU
		{65992358-51FB-4C13-A855-8E8F87B332AD}.Release|Any CPU.ActiveCfg = Release|Any CPU
		{65992358-51FB-4C13-A855-8E8F87B332AD}.Release|Any CPU.Build.0 = Release|Any CPU
		{65992358-51FB-4C13-A855-8E8F87B332AD}.Release|x64.ActiveCfg = Release|x64
		{65992358-51FB-4C13-A855-8E8F87B332AD}.Release|x64.Build.0 = Release|x64
		{65992358-51FB-4C13-A855-8E8F87B332AD}.Release|x86.ActiveCfg = Release|Any CPU
		{65992358-51FB-4C13-A855-8E8F87B332AD}.Release|x86.Build.0 = Release|Any CPU
		{65992358-51FB-4C13-A855-8E8F87B332AD}.ReleaseCpuOnly|Any CPU.ActiveCfg = Release|Any CPU
		{65992358-51FB-4C13-A855-8E8F87B332AD}.ReleaseCpuOnly|Any CPU.Build.0 = Release|Any CPU
		{65992358-51FB-4C13-A855-8E8F87B332AD}.ReleaseCpuOnly|x64.ActiveCfg = Release|x64
		{65992358-51FB-4C13-A855-8E8F87B332AD}.ReleaseCpuOnly|x64.Build.0 = Release|x64
		{65992358-51FB-4C13-A855-8E8F87B332AD}.ReleaseCpuOnly|x86.ActiveCfg = Release|Any CPU
		{65992358-51FB-4C13-A855-8E8F87B332AD}.ReleaseCpuOnly|x86.Build.0 = Release|Any CPU
	EndGlobalSection
	GlobalSection(SolutionProperties) = preSolution
		HideSolutionNode = FALSE
	EndGlobalSection
	GlobalSection(NestedProjects) = preSolution
		{864FD287-285A-43F5-A72F-E211A38EEB99} = {1778D712-5B99-4AC4-8992-3B983B3D5A6C}
		{CB389CA5-D7F5-4816-9220-4BD87E2F2304} = {1778D712-5B99-4AC4-8992-3B983B3D5A6C}
	EndGlobalSection
	GlobalSection(ExtensibilityGlobals) = postSolution
		SolutionGuid = {9351F690-DA4A-4B35-91A2-1F6F22305F53}
	EndGlobalSection
EndGlobal
